
Microsoft Visual Studio Solution File, Format Version 12.00
# Visual Studio Version 17
VisualStudioVersion = 17.0.31903.59
MinimumVisualStudioVersion = 10.0.40219.1
Project("{FAE04EC0-301F-11D3-BF4B-00C04F79EFBC}") = "CalculadoraTestes", "CalculadoraTestes\CalculadoraTestes.csproj", "{3128F6B8-981C-48A5-8F2B-1A1D856F5575}"
EndProject
Project("{FAE04EC0-301F-11D3-BF4B-00C04F79EFBC}") = "Calculadora", "Calculadora\Calculadora.csproj", "{59815044-17DC-4D20-A0F8-70F6F133BFEB}"
EndProject
Global
	GlobalSection(SolutionConfigurationPlatforms) = preSolution
		Debug|Any CPU = Debug|Any CPU
		Release|Any CPU = Release|Any CPU
	EndGlobalSection
	GlobalSection(SolutionProperties) = preSolution
		HideSolutionNode = FALSE
	EndGlobalSection
	GlobalSection(ProjectConfigurationPlatforms) = postSolution
		{3128F6B8-981C-48A5-8F2B-1A1D856F5575}.Debug|Any CPU.ActiveCfg = Debug|Any CPU
		{3128F6B8-981C-48A5-8F2B-1A1D856F5575}.Debug|Any CPU.Build.0 = Debug|Any CPU
		{3128F6B8-981C-48A5-8F2B-1A1D856F5575}.Release|Any CPU.ActiveCfg = Release|Any CPU
		{3128F6B8-981C-48A5-8F2B-1A1D856F5575}.Release|Any CPU.Build.0 = Release|Any CPU
		{59815044-17DC-4D20-A0F8-70F6F133BFEB}.Debug|Any CPU.ActiveCfg = Debug|Any CPU
		{59815044-17DC-4D20-A0F8-70F6F133BFEB}.Debug|Any CPU.Build.0 = Debug|Any CPU
		{59815044-17DC-4D20-A0F8-70F6F133BFEB}.Release|Any CPU.ActiveCfg = Release|Any CPU
		{59815044-17DC-4D20-A0F8-70F6F133BFEB}.Release|Any CPU.Build.0 = Release|Any CPU
	EndGlobalSection
EndGlobal
